// !$*UTF8*$!
{
	archiveVersion = 1;
	classes = {
	};
	objectVersion = 56;
	objects = {

/* Begin PBXBuildFile section */
		5734BEBE2CECBE24002A5D5B /* chaisutta.json in Resources */ = {isa = PBXBuildFile; fileRef = 5734BEBD2CECBE24002A5D5B /* chaisutta.json */; };
		5734BEC62CECF161002A5D5B /* MenuData.swift in Sources */ = {isa = PBXBuildFile; fileRef = 5734BEC52CECF161002A5D5B /* MenuData.swift */; };
		5734BEC92CECF840002A5D5B /* Utility.swift in Sources */ = {isa = PBXBuildFile; fileRef = 5734BEC82CECF840002A5D5B /* Utility.swift */; };
		5734BECD2CECFA61002A5D5B /* RestaurantMenuViewModel.swift in Sources */ = {isa = PBXBuildFile; fileRef = 5734BECC2CECFA61002A5D5B /* RestaurantMenuViewModel.swift */; };
		5734BECF2CECFA8F002A5D5B /* RestaurantMenuView.swift in Sources */ = {isa = PBXBuildFile; fileRef = 5734BECE2CECFA8F002A5D5B /* RestaurantMenuView.swift */; };
		5734BED12CECFD13002A5D5B /* String.swift in Sources */ = {isa = PBXBuildFile; fileRef = 5734BED02CECFD13002A5D5B /* String.swift */; };
		5734BED32CEDA2E1002A5D5B /* CommonViews.swift in Sources */ = {isa = PBXBuildFile; fileRef = 5734BED22CEDA2E1002A5D5B /* CommonViews.swift */; };
		5734BED52CEDC2B7002A5D5B /* ConstanstAndEnums.swift in Sources */ = {isa = PBXBuildFile; fileRef = 5734BED42CEDC2B7002A5D5B /* ConstanstAndEnums.swift */; };
		5734BED72CEDC393002A5D5B /* Extensions.swift in Sources */ = {isa = PBXBuildFile; fileRef = 5734BED62CEDC393002A5D5B /* Extensions.swift */; };
		573EDE372C64C27900CBCB9F /* TheCaffeteriaApp.swift in Sources */ = {isa = PBXBuildFile; fileRef = 573EDE362C64C27900CBCB9F /* TheCaffeteriaApp.swift */; };
		573EDE392C64C27900CBCB9F /* ContentView.swift in Sources */ = {isa = PBXBuildFile; fileRef = 573EDE382C64C27900CBCB9F /* ContentView.swift */; };
		573EDE3B2C64C27900CBCB9F /* Item.swift in Sources */ = {isa = PBXBuildFile; fileRef = 573EDE3A2C64C27900CBCB9F /* Item.swift */; };
		573EDE3D2C64C27B00CBCB9F /* Assets.xcassets in Resources */ = {isa = PBXBuildFile; fileRef = 573EDE3C2C64C27B00CBCB9F /* Assets.xcassets */; };
		573EDE402C64C27B00CBCB9F /* Preview Assets.xcassets in Resources */ = {isa = PBXBuildFile; fileRef = 573EDE3F2C64C27B00CBCB9F /* Preview Assets.xcassets */; };
		573EDE4A2C64C27B00CBCB9F /* TheCaffeteriaTests.swift in Sources */ = {isa = PBXBuildFile; fileRef = 573EDE492C64C27B00CBCB9F /* TheCaffeteriaTests.swift */; };
		573EDE542C64C27B00CBCB9F /* TheCaffeteriaUITests.swift in Sources */ = {isa = PBXBuildFile; fileRef = 573EDE532C64C27B00CBCB9F /* TheCaffeteriaUITests.swift */; };
		573EDE562C64C27B00CBCB9F /* TheCaffeteriaUITestsLaunchTests.swift in Sources */ = {isa = PBXBuildFile; fileRef = 573EDE552C64C27B00CBCB9F /* TheCaffeteriaUITestsLaunchTests.swift */; };
		579CD3C22CEE4BB300A10751 /* MenuSection.swift in Sources */ = {isa = PBXBuildFile; fileRef = 579CD3C12CEE4BB300A10751 /* MenuSection.swift */; };
/* End PBXBuildFile section */

/* Begin PBXContainerItemProxy section */
		573EDE462C64C27B00CBCB9F /* PBXContainerItemProxy */ = {
			isa = PBXContainerItemProxy;
			containerPortal = 573EDE2B2C64C27900CBCB9F /* Project object */;
			proxyType = 1;
			remoteGlobalIDString = 573EDE322C64C27900CBCB9F;
			remoteInfo = TheCaffeteria;
		};
		573EDE502C64C27B00CBCB9F /* PBXContainerItemProxy */ = {
			isa = PBXContainerItemProxy;
			containerPortal = 573EDE2B2C64C27900CBCB9F /* Project object */;
			proxyType = 1;
			remoteGlobalIDString = 573EDE322C64C27900CBCB9F;
			remoteInfo = TheCaffeteria;
		};
/* End PBXContainerItemProxy section */

/* Begin PBXFileReference section */
		5734BEBD2CECBE24002A5D5B /* chaisutta.json */ = {isa = PBXFileReference; fileEncoding = 4; lastKnownFileType = text.json; path = chaisutta.json; sourceTree = "<group>"; };
		5734BEC52CECF161002A5D5B /* MenuData.swift */ = {isa = PBXFileReference; lastKnownFileType = sourcecode.swift; path = MenuData.swift; sourceTree = "<group>"; };
		5734BEC82CECF840002A5D5B /* Utility.swift */ = {isa = PBXFileReference; lastKnownFileType = sourcecode.swift; path = Utility.swift; sourceTree = "<group>"; };
		5734BECC2CECFA61002A5D5B /* RestaurantMenuViewModel.swift */ = {isa = PBXFileReference; lastKnownFileType = sourcecode.swift; path = RestaurantMenuViewModel.swift; sourceTree = "<group>"; };
		5734BECE2CECFA8F002A5D5B /* RestaurantMenuView.swift */ = {isa = PBXFileReference; lastKnownFileType = sourcecode.swift; path = RestaurantMenuView.swift; sourceTree = "<group>"; };
		5734BED02CECFD13002A5D5B /* String.swift */ = {isa = PBXFileReference; lastKnownFileType = sourcecode.swift; path = String.swift; sourceTree = "<group>"; };
		5734BED22CEDA2E1002A5D5B /* CommonViews.swift */ = {isa = PBXFileReference; lastKnownFileType = sourcecode.swift; path = CommonViews.swift; sourceTree = "<group>"; };
		5734BED42CEDC2B7002A5D5B /* ConstanstAndEnums.swift */ = {isa = PBXFileReference; lastKnownFileType = sourcecode.swift; path = ConstanstAndEnums.swift; sourceTree = "<group>"; };
		5734BED62CEDC393002A5D5B /* Extensions.swift */ = {isa = PBXFileReference; lastKnownFileType = sourcecode.swift; path = Extensions.swift; sourceTree = "<group>"; };
		573EDE332C64C27900CBCB9F /* TheCaffeteria.app */ = {isa = PBXFileReference; explicitFileType = wrapper.application; includeInIndex = 0; path = TheCaffeteria.app; sourceTree = BUILT_PRODUCTS_DIR; };
		573EDE362C64C27900CBCB9F /* TheCaffeteriaApp.swift */ = {isa = PBXFileReference; lastKnownFileType = sourcecode.swift; path = TheCaffeteriaApp.swift; sourceTree = "<group>"; };
		573EDE382C64C27900CBCB9F /* ContentView.swift */ = {isa = PBXFileReference; lastKnownFileType = sourcecode.swift; path = ContentView.swift; sourceTree = "<group>"; };
		573EDE3A2C64C27900CBCB9F /* Item.swift */ = {isa = PBXFileReference; lastKnownFileType = sourcecode.swift; path = Item.swift; sourceTree = "<group>"; };
		573EDE3C2C64C27B00CBCB9F /* Assets.xcassets */ = {isa = PBXFileReference; lastKnownFileType = folder.assetcatalog; path = Assets.xcassets; sourceTree = "<group>"; };
		573EDE3F2C64C27B00CBCB9F /* Preview Assets.xcassets */ = {isa = PBXFileReference; lastKnownFileType = folder.assetcatalog; path = "Preview Assets.xcassets"; sourceTree = "<group>"; };
		573EDE452C64C27B00CBCB9F /* TheCaffeteriaTests.xctest */ = {isa = PBXFileReference; explicitFileType = wrapper.cfbundle; includeInIndex = 0; path = TheCaffeteriaTests.xctest; sourceTree = BUILT_PRODUCTS_DIR; };
		573EDE492C64C27B00CBCB9F /* TheCaffeteriaTests.swift */ = {isa = PBXFileReference; lastKnownFileType = sourcecode.swift; path = TheCaffeteriaTests.swift; sourceTree = "<group>"; };
		573EDE4F2C64C27B00CBCB9F /* TheCaffeteriaUITests.xctest */ = {isa = PBXFileReference; explicitFileType = wrapper.cfbundle; includeInIndex = 0; path = TheCaffeteriaUITests.xctest; sourceTree = BUILT_PRODUCTS_DIR; };
		573EDE532C64C27B00CBCB9F /* TheCaffeteriaUITests.swift */ = {isa = PBXFileReference; lastKnownFileType = sourcecode.swift; path = TheCaffeteriaUITests.swift; sourceTree = "<group>"; };
		573EDE552C64C27B00CBCB9F /* TheCaffeteriaUITestsLaunchTests.swift */ = {isa = PBXFileReference; lastKnownFileType = sourcecode.swift; path = TheCaffeteriaUITestsLaunchTests.swift; sourceTree = "<group>"; };
		579CD3C12CEE4BB300A10751 /* MenuSection.swift */ = {isa = PBXFileReference; lastKnownFileType = sourcecode.swift; path = MenuSection.swift; sourceTree = "<group>"; };
/* End PBXFileReference section */

/* Begin PBXFrameworksBuildPhase section */
		573EDE302C64C27900CBCB9F /* Frameworks */ = {
			isa = PBXFrameworksBuildPhase;
			buildActionMask = 2147483647;
			files = (
			);
			runOnlyForDeploymentPostprocessing = 0;
		};
		573EDE422C64C27B00CBCB9F /* Frameworks */ = {
			isa = PBXFrameworksBuildPhase;
			buildActionMask = 2147483647;
			files = (
			);
			runOnlyForDeploymentPostprocessing = 0;
		};
		573EDE4C2C64C27B00CBCB9F /* Frameworks */ = {
			isa = PBXFrameworksBuildPhase;
			buildActionMask = 2147483647;
			files = (
			);
			runOnlyForDeploymentPostprocessing = 0;
		};
/* End PBXFrameworksBuildPhase section */

/* Begin PBXGroup section */
		5734BEBB2CECBDFF002A5D5B /* Resources */ = {
			isa = PBXGroup;
			children = (
				5734BEBC2CECBE0E002A5D5B /* json */,
			);
			path = Resources;
			sourceTree = "<group>";
		};
		5734BEBC2CECBE0E002A5D5B /* json */ = {
			isa = PBXGroup;
			children = (
				5734BEBD2CECBE24002A5D5B /* chaisutta.json */,
			);
			path = json;
			sourceTree = "<group>";
		};
		5734BEC02CECC36F002A5D5B /* Screens */ = {
			isa = PBXGroup;
			children = (
				5734BEC12CECC378002A5D5B /* RestaurantMenu */,
			);
			path = Screens;
			sourceTree = "<group>";
		};
		5734BEC12CECC378002A5D5B /* RestaurantMenu */ = {
			isa = PBXGroup;
			children = (
				5734BEC32CECC39E002A5D5B /* Model */,
				5734BEC22CECC398002A5D5B /* View */,
				5734BECC2CECFA61002A5D5B /* RestaurantMenuViewModel.swift */,
			);
			path = RestaurantMenu;
			sourceTree = "<group>";
		};
		5734BEC22CECC398002A5D5B /* View */ = {
			isa = PBXGroup;
			children = (
				5734BECE2CECFA8F002A5D5B /* RestaurantMenuView.swift */,
				579CD3C12CEE4BB300A10751 /* MenuSection.swift */,
			);
			path = View;
			sourceTree = "<group>";
		};
		5734BEC32CECC39E002A5D5B /* Model */ = {
			isa = PBXGroup;
			children = (
				5734BEC52CECF161002A5D5B /* MenuData.swift */,
			);
			path = Model;
			sourceTree = "<group>";
		};
		5734BEC72CECF821002A5D5B /* Support */ = {
			isa = PBXGroup;
			children = (
				5734BEC82CECF840002A5D5B /* Utility.swift */,
				5734BED02CECFD13002A5D5B /* String.swift */,
				5734BED42CEDC2B7002A5D5B /* ConstanstAndEnums.swift */,
				5734BED62CEDC393002A5D5B /* Extensions.swift */,
				5734BED22CEDA2E1002A5D5B /* CommonViews.swift */,
			);
			path = Support;
			sourceTree = "<group>";
		};
		573EDE2A2C64C27900CBCB9F = {
			isa = PBXGroup;
			children = (
				573EDE352C64C27900CBCB9F /* TheCaffeteria */,
				573EDE482C64C27B00CBCB9F /* TheCaffeteriaTests */,
				573EDE522C64C27B00CBCB9F /* TheCaffeteriaUITests */,
				573EDE342C64C27900CBCB9F /* Products */,
			);
			sourceTree = "<group>";
		};
		573EDE342C64C27900CBCB9F /* Products */ = {
			isa = PBXGroup;
			children = (
				573EDE332C64C27900CBCB9F /* TheCaffeteria.app */,
				573EDE452C64C27B00CBCB9F /* TheCaffeteriaTests.xctest */,
				573EDE4F2C64C27B00CBCB9F /* TheCaffeteriaUITests.xctest */,
			);
			name = Products;
			sourceTree = "<group>";
		};
		573EDE352C64C27900CBCB9F /* TheCaffeteria */ = {
			isa = PBXGroup;
			children = (
				5734BEC72CECF821002A5D5B /* Support */,
				5734BEC02CECC36F002A5D5B /* Screens */,
				5734BEBB2CECBDFF002A5D5B /* Resources */,
				573EDE362C64C27900CBCB9F /* TheCaffeteriaApp.swift */,
				573EDE382C64C27900CBCB9F /* ContentView.swift */,
				573EDE3A2C64C27900CBCB9F /* Item.swift */,
				573EDE3C2C64C27B00CBCB9F /* Assets.xcassets */,
				573EDE3E2C64C27B00CBCB9F /* Preview Content */,
			);
			path = TheCaffeteria;
			sourceTree = "<group>";
		};
		573EDE3E2C64C27B00CBCB9F /* Preview Content */ = {
			isa = PBXGroup;
			children = (
				573EDE3F2C64C27B00CBCB9F /* Preview Assets.xcassets */,
			);
			path = "Preview Content";
			sourceTree = "<group>";
		};
		573EDE482C64C27B00CBCB9F /* TheCaffeteriaTests */ = {
			isa = PBXGroup;
			children = (
				573EDE492C64C27B00CBCB9F /* TheCaffeteriaTests.swift */,
			);
			path = TheCaffeteriaTests;
			sourceTree = "<group>";
		};
		573EDE522C64C27B00CBCB9F /* TheCaffeteriaUITests */ = {
			isa = PBXGroup;
			children = (
				573EDE532C64C27B00CBCB9F /* TheCaffeteriaUITests.swift */,
				573EDE552C64C27B00CBCB9F /* TheCaffeteriaUITestsLaunchTests.swift */,
			);
			path = TheCaffeteriaUITests;
			sourceTree = "<group>";
		};
/* End PBXGroup section */

/* Begin PBXNativeTarget section */
		573EDE322C64C27900CBCB9F /* TheCaffeteria */ = {
			isa = PBXNativeTarget;
			buildConfigurationList = 573EDE592C64C27B00CBCB9F /* Build configuration list for PBXNativeTarget "TheCaffeteria" */;
			buildPhases = (
				573EDE2F2C64C27900CBCB9F /* Sources */,
				573EDE302C64C27900CBCB9F /* Frameworks */,
				573EDE312C64C27900CBCB9F /* Resources */,
			);
			buildRules = (
			);
			dependencies = (
			);
			name = TheCaffeteria;
			productName = TheCaffeteria;
			productReference = 573EDE332C64C27900CBCB9F /* TheCaffeteria.app */;
			productType = "com.apple.product-type.application";
		};
		573EDE442C64C27B00CBCB9F /* TheCaffeteriaTests */ = {
			isa = PBXNativeTarget;
			buildConfigurationList = 573EDE5C2C64C27B00CBCB9F /* Build configuration list for PBXNativeTarget "TheCaffeteriaTests" */;
			buildPhases = (
				573EDE412C64C27B00CBCB9F /* Sources */,
				573EDE422C64C27B00CBCB9F /* Frameworks */,
				573EDE432C64C27B00CBCB9F /* Resources */,
			);
			buildRules = (
			);
			dependencies = (
				573EDE472C64C27B00CBCB9F /* PBXTargetDependency */,
			);
			name = TheCaffeteriaTests;
			productName = TheCaffeteriaTests;
			productReference = 573EDE452C64C27B00CBCB9F /* TheCaffeteriaTests.xctest */;
			productType = "com.apple.product-type.bundle.unit-test";
		};
		573EDE4E2C64C27B00CBCB9F /* TheCaffeteriaUITests */ = {
			isa = PBXNativeTarget;
			buildConfigurationList = 573EDE5F2C64C27B00CBCB9F /* Build configuration list for PBXNativeTarget "TheCaffeteriaUITests" */;
			buildPhases = (
				573EDE4B2C64C27B00CBCB9F /* Sources */,
				573EDE4C2C64C27B00CBCB9F /* Frameworks */,
				573EDE4D2C64C27B00CBCB9F /* Resources */,
			);
			buildRules = (
			);
			dependencies = (
				573EDE512C64C27B00CBCB9F /* PBXTargetDependency */,
			);
			name = TheCaffeteriaUITests;
			productName = TheCaffeteriaUITests;
			productReference = 573EDE4F2C64C27B00CBCB9F /* TheCaffeteriaUITests.xctest */;
			productType = "com.apple.product-type.bundle.ui-testing";
		};
/* End PBXNativeTarget section */

/* Begin PBXProject section */
		573EDE2B2C64C27900CBCB9F /* Project object */ = {
			isa = PBXProject;
			attributes = {
				BuildIndependentTargetsInParallel = 1;
				LastSwiftUpdateCheck = 1540;
				LastUpgradeCheck = 1540;
				TargetAttributes = {
					573EDE322C64C27900CBCB9F = {
						CreatedOnToolsVersion = 15.4;
					};
					573EDE442C64C27B00CBCB9F = {
						CreatedOnToolsVersion = 15.4;
						TestTargetID = 573EDE322C64C27900CBCB9F;
					};
					573EDE4E2C64C27B00CBCB9F = {
						CreatedOnToolsVersion = 15.4;
						TestTargetID = 573EDE322C64C27900CBCB9F;
					};
				};
			};
			buildConfigurationList = 573EDE2E2C64C27900CBCB9F /* Build configuration list for PBXProject "TheCaffeteria" */;
			compatibilityVersion = "Xcode 14.0";
			developmentRegion = en;
			hasScannedForEncodings = 0;
			knownRegions = (
				en,
				Base,
			);
			mainGroup = 573EDE2A2C64C27900CBCB9F;
			productRefGroup = 573EDE342C64C27900CBCB9F /* Products */;
			projectDirPath = "";
			projectRoot = "";
			targets = (
				573EDE322C64C27900CBCB9F /* TheCaffeteria */,
				573EDE442C64C27B00CBCB9F /* TheCaffeteriaTests */,
				573EDE4E2C64C27B00CBCB9F /* TheCaffeteriaUITests */,
			);
		};
/* End PBXProject section */

/* Begin PBXResourcesBuildPhase section */
		573EDE312C64C27900CBCB9F /* Resources */ = {
			isa = PBXResourcesBuildPhase;
			buildActionMask = 2147483647;
			files = (
				5734BEBE2CECBE24002A5D5B /* chaisutta.json in Resources */,
				573EDE402C64C27B00CBCB9F /* Preview Assets.xcassets in Resources */,
				573EDE3D2C64C27B00CBCB9F /* Assets.xcassets in Resources */,
			);
			runOnlyForDeploymentPostprocessing = 0;
		};
		573EDE432C64C27B00CBCB9F /* Resources */ = {
			isa = PBXResourcesBuildPhase;
			buildActionMask = 2147483647;
			files = (
			);
			runOnlyForDeploymentPostprocessing = 0;
		};
		573EDE4D2C64C27B00CBCB9F /* Resources */ = {
			isa = PBXResourcesBuildPhase;
			buildActionMask = 2147483647;
			files = (
			);
			runOnlyForDeploymentPostprocessing = 0;
		};
/* End PBXResourcesBuildPhase section */

/* Begin PBXSourcesBuildPhase section */
		573EDE2F2C64C27900CBCB9F /* Sources */ = {
			isa = PBXSourcesBuildPhase;
			buildActionMask = 2147483647;
			files = (
				5734BECD2CECFA61002A5D5B /* RestaurantMenuViewModel.swift in Sources */,
				5734BEC92CECF840002A5D5B /* Utility.swift in Sources */,
				5734BEC62CECF161002A5D5B /* MenuData.swift in Sources */,
				573EDE392C64C27900CBCB9F /* ContentView.swift in Sources */,
				573EDE3B2C64C27900CBCB9F /* Item.swift in Sources */,
				5734BED52CEDC2B7002A5D5B /* ConstanstAndEnums.swift in Sources */,
				573EDE372C64C27900CBCB9F /* TheCaffeteriaApp.swift in Sources */,
				5734BED12CECFD13002A5D5B /* String.swift in Sources */,
				5734BED32CEDA2E1002A5D5B /* CommonViews.swift in Sources */,
				5734BED72CEDC393002A5D5B /* Extensions.swift in Sources */,
				579CD3C22CEE4BB300A10751 /* MenuSection.swift in Sources */,
				5734BECF2CECFA8F002A5D5B /* RestaurantMenuView.swift in Sources */,
			);
			runOnlyForDeploymentPostprocessing = 0;
		};
		573EDE412C64C27B00CBCB9F /* Sources */ = {
			isa = PBXSourcesBuildPhase;
			buildActionMask = 2147483647;
			files = (
				573EDE4A2C64C27B00CBCB9F /* TheCaffeteriaTests.swift in Sources */,
			);
			runOnlyForDeploymentPostprocessing = 0;
		};
		573EDE4B2C64C27B00CBCB9F /* Sources */ = {
			isa = PBXSourcesBuildPhase;
			buildActionMask = 2147483647;
			files = (
				573EDE562C64C27B00CBCB9F /* TheCaffeteriaUITestsLaunchTests.swift in Sources */,
				573EDE542C64C27B00CBCB9F /* TheCaffeteriaUITests.swift in Sources */,
			);
			runOnlyForDeploymentPostprocessing = 0;
		};
/* End PBXSourcesBuildPhase section */

/* Begin PBXTargetDependency section */
		573EDE472C64C27B00CBCB9F /* PBXTargetDependency */ = {
			isa = PBXTargetDependency;
			target = 573EDE322C64C27900CBCB9F /* TheCaffeteria */;
			targetProxy = 573EDE462C64C27B00CBCB9F /* PBXContainerItemProxy */;
		};
		573EDE512C64C27B00CBCB9F /* PBXTargetDependency */ = {
			isa = PBXTargetDependency;
			target = 573EDE322C64C27900CBCB9F /* TheCaffeteria */;
			targetProxy = 573EDE502C64C27B00CBCB9F /* PBXContainerItemProxy */;
		};
/* End PBXTargetDependency section */

/* Begin XCBuildConfiguration section */
		573EDE572C64C27B00CBCB9F /* Debug */ = {
			isa = XCBuildConfiguration;
			buildSettings = {
				ALWAYS_SEARCH_USER_PATHS = NO;
				ASSETCATALOG_COMPILER_GENERATE_SWIFT_ASSET_SYMBOL_EXTENSIONS = YES;
				CLANG_ANALYZER_NONNULL = YES;
				CLANG_ANALYZER_NUMBER_OBJECT_CONVERSION = YES_AGGRESSIVE;
				CLANG_CXX_LANGUAGE_STANDARD = "gnu++20";
				CLANG_ENABLE_MODULES = YES;
				CLANG_ENABLE_OBJC_ARC = YES;
				CLANG_ENABLE_OBJC_WEAK = YES;
				CLANG_WARN_BLOCK_CAPTURE_AUTORELEASING = YES;
				CLANG_WARN_BOOL_CONVERSION = YES;
				CLANG_WARN_COMMA = YES;
				CLANG_WARN_CONSTANT_CONVERSION = YES;
				CLANG_WARN_DEPRECATED_OBJC_IMPLEMENTATIONS = YES;
				CLANG_WARN_DIRECT_OBJC_ISA_USAGE = YES_ERROR;
				CLANG_WARN_DOCUMENTATION_COMMENTS = YES;
				CLANG_WARN_EMPTY_BODY = YES;
				CLANG_WARN_ENUM_CONVERSION = YES;
				CLANG_WARN_INFINITE_RECURSION = YES;
				CLANG_WARN_INT_CONVERSION = YES;
				CLANG_WARN_NON_LITERAL_NULL_CONVERSION = YES;
				CLANG_WARN_OBJC_IMPLICIT_RETAIN_SELF = YES;
				CLANG_WARN_OBJC_LITERAL_CONVERSION = YES;
				CLANG_WARN_OBJC_ROOT_CLASS = YES_ERROR;
				CLANG_WARN_QUOTED_INCLUDE_IN_FRAMEWORK_HEADER = YES;
				CLANG_WARN_RANGE_LOOP_ANALYSIS = YES;
				CLANG_WARN_STRICT_PROTOTYPES = YES;
				CLANG_WARN_SUSPICIOUS_MOVE = YES;
				CLANG_WARN_UNGUARDED_AVAILABILITY = YES_AGGRESSIVE;
				CLANG_WARN_UNREACHABLE_CODE = YES;
				CLANG_WARN__DUPLICATE_METHOD_MATCH = YES;
				COPY_PHASE_STRIP = NO;
				DEBUG_INFORMATION_FORMAT = dwarf;
				ENABLE_STRICT_OBJC_MSGSEND = YES;
				ENABLE_TESTABILITY = YES;
				ENABLE_USER_SCRIPT_SANDBOXING = YES;
				GCC_C_LANGUAGE_STANDARD = gnu17;
				GCC_DYNAMIC_NO_PIC = NO;
				GCC_NO_COMMON_BLOCKS = YES;
				GCC_OPTIMIZATION_LEVEL = 0;
				GCC_PREPROCESSOR_DEFINITIONS = (
					"DEBUG=1",
					"$(inherited)",
				);
				GCC_WARN_64_TO_32_BIT_CONVERSION = YES;
				GCC_WARN_ABOUT_RETURN_TYPE = YES_ERROR;
				GCC_WARN_UNDECLARED_SELECTOR = YES;
				GCC_WARN_UNINITIALIZED_AUTOS = YES_AGGRESSIVE;
				GCC_WARN_UNUSED_FUNCTION = YES;
				GCC_WARN_UNUSED_VARIABLE = YES;
				IPHONEOS_DEPLOYMENT_TARGET = 17.0;
				LOCALIZATION_PREFERS_STRING_CATALOGS = YES;
				MTL_ENABLE_DEBUG_INFO = INCLUDE_SOURCE;
				MTL_FAST_MATH = YES;
				ONLY_ACTIVE_ARCH = YES;
				SDKROOT = iphoneos;
				SWIFT_ACTIVE_COMPILATION_CONDITIONS = "DEBUG $(inherited)";
				SWIFT_OPTIMIZATION_LEVEL = "-Onone";
			};
			name = Debug;
		};
		573EDE582C64C27B00CBCB9F /* Release */ = {
			isa = XCBuildConfiguration;
			buildSettings = {
				ALWAYS_SEARCH_USER_PATHS = NO;
				ASSETCATALOG_COMPILER_GENERATE_SWIFT_ASSET_SYMBOL_EXTENSIONS = YES;
				CLANG_ANALYZER_NONNULL = YES;
				CLANG_ANALYZER_NUMBER_OBJECT_CONVERSION = YES_AGGRESSIVE;
				CLANG_CXX_LANGUAGE_STANDARD = "gnu++20";
				CLANG_ENABLE_MODULES = YES;
				CLANG_ENABLE_OBJC_ARC = YES;
				CLANG_ENABLE_OBJC_WEAK = YES;
				CLANG_WARN_BLOCK_CAPTURE_AUTORELEASING = YES;
				CLANG_WARN_BOOL_CONVERSION = YES;
				CLANG_WARN_COMMA = YES;
				CLANG_WARN_CONSTANT_CONVERSION = YES;
				CLANG_WARN_DEPRECATED_OBJC_IMPLEMENTATIONS = YES;
				CLANG_WARN_DIRECT_OBJC_ISA_USAGE = YES_ERROR;
				CLANG_WARN_DOCUMENTATION_COMMENTS = YES;
				CLANG_WARN_EMPTY_BODY = YES;
				CLANG_WARN_ENUM_CONVERSION = YES;
				CLANG_WARN_INFINITE_RECURSION = YES;
				CLANG_WARN_INT_CONVERSION = YES;
				CLANG_WARN_NON_LITERAL_NULL_CONVERSION = YES;
				CLANG_WARN_OBJC_IMPLICIT_RETAIN_SELF = YES;
				CLANG_WARN_OBJC_LITERAL_CONVERSION = YES;
				CLANG_WARN_OBJC_ROOT_CLASS = YES_ERROR;
				CLANG_WARN_QUOTED_INCLUDE_IN_FRAMEWORK_HEADER = YES;
				CLANG_WARN_RANGE_LOOP_ANALYSIS = YES;
				CLANG_WARN_STRICT_PROTOTYPES = YES;
				CLANG_WARN_SUSPICIOUS_MOVE = YES;
				CLANG_WARN_UNGUARDED_AVAILABILITY = YES_AGGRESSIVE;
				CLANG_WARN_UNREACHABLE_CODE = YES;
				CLANG_WARN__DUPLICATE_METHOD_MATCH = YES;
				COPY_PHASE_STRIP = NO;
				DEBUG_INFORMATION_FORMAT = "dwarf-with-dsym";
				ENABLE_NS_ASSERTIONS = NO;
				ENABLE_STRICT_OBJC_MSGSEND = YES;
				ENABLE_USER_SCRIPT_SANDBOXING = YES;
				GCC_C_LANGUAGE_STANDARD = gnu17;
				GCC_NO_COMMON_BLOCKS = YES;
				GCC_WARN_64_TO_32_BIT_CONVERSION = YES;
				GCC_WARN_ABOUT_RETURN_TYPE = YES_ERROR;
				GCC_WARN_UNDECLARED_SELECTOR = YES;
				GCC_WARN_UNINITIALIZED_AUTOS = YES_AGGRESSIVE;
				GCC_WARN_UNUSED_FUNCTION = YES;
				GCC_WARN_UNUSED_VARIABLE = YES;
				IPHONEOS_DEPLOYMENT_TARGET = 17.0;
				LOCALIZATION_PREFERS_STRING_CATALOGS = YES;
				MTL_ENABLE_DEBUG_INFO = NO;
				MTL_FAST_MATH = YES;
				SDKROOT = iphoneos;
				SWIFT_COMPILATION_MODE = wholemodule;
				VALIDATE_PRODUCT = YES;
			};
			name = Release;
		};
		573EDE5A2C64C27B00CBCB9F /* Debug */ = {
			isa = XCBuildConfiguration;
			buildSettings = {
				ASSETCATALOG_COMPILER_APPICON_NAME = AppIcon;
				ASSETCATALOG_COMPILER_GLOBAL_ACCENT_COLOR_NAME = AccentColor;
				CODE_SIGN_STYLE = Automatic;
				CURRENT_PROJECT_VERSION = 1;
				DEVELOPMENT_ASSET_PATHS = "\"TheCaffeteria/Preview Content\"";
				DEVELOPMENT_TEAM = 3A5973ZU57;
				ENABLE_PREVIEWS = YES;
				GENERATE_INFOPLIST_FILE = YES;
				INFOPLIST_KEY_UIApplicationSceneManifest_Generation = YES;
				INFOPLIST_KEY_UIApplicationSupportsIndirectInputEvents = YES;
				INFOPLIST_KEY_UILaunchScreen_Generation = YES;
				INFOPLIST_KEY_UISupportedInterfaceOrientations_iPad = "UIInterfaceOrientationPortrait UIInterfaceOrientationPortraitUpsideDown UIInterfaceOrientationLandscapeLeft UIInterfaceOrientationLandscapeRight";
				INFOPLIST_KEY_UISupportedInterfaceOrientations_iPhone = "UIInterfaceOrientationPortrait UIInterfaceOrientationLandscapeLeft UIInterfaceOrientationLandscapeRight";
				LD_RUNPATH_SEARCH_PATHS = (
					"$(inherited)",
					"@executable_path/Frameworks",
				);
				MARKETING_VERSION = 1.0;
				PRODUCT_BUNDLE_IDENTIFIER = com.bajajsonal.TheCaffeteria;
				PRODUCT_NAME = "$(TARGET_NAME)";
				SWIFT_EMIT_LOC_STRINGS = YES;
				SWIFT_VERSION = 5.0;
				TARGETED_DEVICE_FAMILY = "1,2";
			};
			name = Debug;
		};
		573EDE5B2C64C27B00CBCB9F /* Release */ = {
			isa = XCBuildConfiguration;
			buildSettings = {
				ASSETCATALOG_COMPILER_APPICON_NAME = AppIcon;
				ASSETCATALOG_COMPILER_GLOBAL_ACCENT_COLOR_NAME = AccentColor;
				CODE_SIGN_STYLE = Automatic;
				CURRENT_PROJECT_VERSION = 1;
				DEVELOPMENT_ASSET_PATHS = "\"TheCaffeteria/Preview Content\"";
				DEVELOPMENT_TEAM = 3A5973ZU57;
				ENABLE_PREVIEWS = YES;
				GENERATE_INFOPLIST_FILE = YES;
				INFOPLIST_KEY_UIApplicationSceneManifest_Generation = YES;
				INFOPLIST_KEY_UIApplicationSupportsIndirectInputEvents = YES;
				INFOPLIST_KEY_UILaunchScreen_Generation = YES;
				INFOPLIST_KEY_UISupportedInterfaceOrientations_iPad = "UIInterfaceOrientationPortrait UIInterfaceOrientationPortraitUpsideDown UIInterfaceOrientationLandscapeLeft UIInterfaceOrientationLandscapeRight";
				INFOPLIST_KEY_UISupportedInterfaceOrientations_iPhone = "UIInterfaceOrientationPortrait UIInterfaceOrientationLandscapeLeft UIInterfaceOrientationLandscapeRight";
				LD_RUNPATH_SEARCH_PATHS = (
					"$(inherited)",
					"@executable_path/Frameworks",
				);
				MARKETING_VERSION = 1.0;
				PRODUCT_BUNDLE_IDENTIFIER = com.bajajsonal.TheCaffeteria;
				PRODUCT_NAME = "$(TARGET_NAME)";
				SWIFT_EMIT_LOC_STRINGS = YES;
				SWIFT_VERSION = 5.0;
				TARGETED_DEVICE_FAMILY = "1,2";
			};
			name = Release;
		};
		573EDE5D2C64C27B00CBCB9F /* Debug */ = {
			isa = XCBuildConfiguration;
			buildSettings = {
				ALWAYS_EMBED_SWIFT_STANDARD_LIBRARIES = YES;
				BUNDLE_LOADER = "$(TEST_HOST)";
				CODE_SIGN_STYLE = Automatic;
				CURRENT_PROJECT_VERSION = 1;
				GENERATE_INFOPLIST_FILE = YES;
				IPHONEOS_DEPLOYMENT_TARGET = 17.5;
				MARKETING_VERSION = 1.0;
				PRODUCT_BUNDLE_IDENTIFIER = com.bajajsonal.TheCaffeteriaTests;
				PRODUCT_NAME = "$(TARGET_NAME)";
				SWIFT_EMIT_LOC_STRINGS = NO;
				SWIFT_VERSION = 5.0;
				TARGETED_DEVICE_FAMILY = "1,2";
				TEST_HOST = "$(BUILT_PRODUCTS_DIR)/TheCaffeteria.app/$(BUNDLE_EXECUTABLE_FOLDER_PATH)/TheCaffeteria";
			};
			name = Debug;
		};
		573EDE5E2C64C27B00CBCB9F /* Release */ = {
			isa = XCBuildConfiguration;
			buildSettings = {
				ALWAYS_EMBED_SWIFT_STANDARD_LIBRARIES = YES;
				BUNDLE_LOADER = "$(TEST_HOST)";
				CODE_SIGN_STYLE = Automatic;
				CURRENT_PROJECT_VERSION = 1;
				GENERATE_INFOPLIST_FILE = YES;
				IPHONEOS_DEPLOYMENT_TARGET = 17.5;
				MARKETING_VERSION = 1.0;
				PRODUCT_BUNDLE_IDENTIFIER = com.bajajsonal.TheCaffeteriaTests;
				PRODUCT_NAME = "$(TARGET_NAME)";
				SWIFT_EMIT_LOC_STRINGS = NO;
				SWIFT_VERSION = 5.0;
				TARGETED_DEVICE_FAMILY = "1,2";
				TEST_HOST = "$(BUILT_PRODUCTS_DIR)/TheCaffeteria.app/$(BUNDLE_EXECUTABLE_FOLDER_PATH)/TheCaffeteria";
			};
			name = Release;
		};
		573EDE602C64C27B00CBCB9F /* Debug */ = {
			isa = XCBuildConfiguration;
			buildSettings = {
				ALWAYS_EMBED_SWIFT_STANDARD_LIBRARIES = YES;
				CODE_SIGN_STYLE = Automatic;
				CURRENT_PROJECT_VERSION = 1;
				GENERATE_INFOPLIST_FILE = YES;
				MARKETING_VERSION = 1.0;
				PRODUCT_BUNDLE_IDENTIFIER = com.bajajsonal.TheCaffeteriaUITests;
				PRODUCT_NAME = "$(TARGET_NAME)";
				SWIFT_EMIT_LOC_STRINGS = NO;
				SWIFT_VERSION = 5.0;
				TARGETED_DEVICE_FAMILY = "1,2";
				TEST_TARGET_NAME = TheCaffeteria;
			};
			name = Debug;
		};
		573EDE612C64C27B00CBCB9F /* Release */ = {
			isa = XCBuildConfiguration;
			buildSettings = {
				ALWAYS_EMBED_SWIFT_STANDARD_LIBRARIES = YES;
				CODE_SIGN_STYLE = Automatic;
				CURRENT_PROJECT_VERSION = 1;
				GENERATE_INFOPLIST_FILE = YES;
				MARKETING_VERSION = 1.0;
				PRODUCT_BUNDLE_IDENTIFIER = com.bajajsonal.TheCaffeteriaUITests;
				PRODUCT_NAME = "$(TARGET_NAME)";
				SWIFT_EMIT_LOC_STRINGS = NO;
				SWIFT_VERSION = 5.0;
				TARGETED_DEVICE_FAMILY = "1,2";
				TEST_TARGET_NAME = TheCaffeteria;
			};
			name = Release;
		};
/* End XCBuildConfiguration section */

/* Begin XCConfigurationList section */
		573EDE2E2C64C27900CBCB9F /* Build configuration list for PBXProject "TheCaffeteria" */ = {
			isa = XCConfigurationList;
			buildConfigurations = (
				573EDE572C64C27B00CBCB9F /* Debug */,
				573EDE582C64C27B00CBCB9F /* Release */,
			);
			defaultConfigurationIsVisible = 0;
			defaultConfigurationName = Release;
		};
		573EDE592C64C27B00CBCB9F /* Build configuration list for PBXNativeTarget "TheCaffeteria" */ = {
			isa = XCConfigurationList;
			buildConfigurations = (
				573EDE5A2C64C27B00CBCB9F /* Debug */,
				573EDE5B2C64C27B00CBCB9F /* Release */,
			);
			defaultConfigurationIsVisible = 0;
			defaultConfigurationName = Release;
		};
		573EDE5C2C64C27B00CBCB9F /* Build configuration list for PBXNativeTarget "TheCaffeteriaTests" */ = {
			isa = XCConfigurationList;
			buildConfigurations = (
				573EDE5D2C64C27B00CBCB9F /* Debug */,
				573EDE5E2C64C27B00CBCB9F /* Release */,
			);
			defaultConfigurationIsVisible = 0;
			defaultConfigurationName = Release;
		};
		573EDE5F2C64C27B00CBCB9F /* Build configuration list for PBXNativeTarget "TheCaffeteriaUITests" */ = {
			isa = XCConfigurationList;
			buildConfigurations = (
				573EDE602C64C27B00CBCB9F /* Debug */,
				573EDE612C64C27B00CBCB9F /* Release */,
			);
			defaultConfigurationIsVisible = 0;
			defaultConfigurationName = Release;
		};
/* End XCConfigurationList section */
	};
	rootObject = 573EDE2B2C64C27900CBCB9F /* Project object */;
}
